# This file is automatically @generated by Poetry 1.8.3 and should not be changed by hand.

[[package]]
name = "graphql-core"
version = "3.2.3"
description = "GraphQL implementation for Python, a port of GraphQL.js, the JavaScript reference implementation for GraphQL."
optional = false
python-versions = ">=3.6,<4"
files = [
    {file = "graphql-core-3.2.3.tar.gz", hash = "sha256:06d2aad0ac723e35b1cb47885d3e5c45e956a53bc1b209a9fc5369007fe46676"},
    {file = "graphql_core-3.2.3-py3-none-any.whl", hash = "sha256:5766780452bd5ec8ba133f8bf287dc92713e3868ddd83aee4faab9fc3e303dc3"},
]

[[package]]
name = "graphql-relay"
version = "3.2.0"
description = "Relay library for graphql-core"
optional = false
python-versions = ">=3.6,<4"
files = [
    {file = "graphql-relay-3.2.0.tar.gz", hash = "sha256:1ff1c51298356e481a0be009ccdff249832ce53f30559c1338f22a0e0d17250c"},
    {file = "graphql_relay-3.2.0-py3-none-any.whl", hash = "sha256:c9b22bd28b170ba1fe674c74384a8ff30a76c8e26f88ac3aa1584dd3179953e5"},
]

[package.dependencies]
graphql-core = ">=3.2,<3.3"

[metadata]
lock-version = "2.0"
python-versions = "^3.8"
content-hash = "801ed9bd351ccb546a35140bc9ecc43b1da4d1adefe6282492b1d0c7c9b4aa43"
